// !$*UTF8*$!
{
	archiveVersion = 1;
	classes = {
	};
	objectVersion = 55;
	objects = {

/* Begin PBXBuildFile section */
		E04D4AA2271ED3B000E1FA1D /* main.swift in Sources */ = {isa = PBXBuildFile; fileRef = E04D4AA1271ED3B000E1FA1D /* main.swift */; };
		E04D4AAB271ED4B100E1FA1D /* Utils.swift in Sources */ = {isa = PBXBuildFile; fileRef = E04D4AAA271ED4B100E1FA1D /* Utils.swift */; };
		E04D4AB3271ED5F200E1FA1D /* Factory_HW3.swift in Sources */ = {isa = PBXBuildFile; fileRef = E04D4AB2271ED5F200E1FA1D /* Factory_HW3.swift */; };
		E0A397182720798D00E427A7 /* Vehicle_HW3.swift in Sources */ = {isa = PBXBuildFile; fileRef = E0A397172720798D00E427A7 /* Vehicle_HW3.swift */; };
		E0A3971A272079AA00E427A7 /* Car_HW3.swift in Sources */ = {isa = PBXBuildFile; fileRef = E0A39719272079AA00E427A7 /* Car_HW3.swift */; };
		E0A3971C272079EF00E427A7 /* Motorcycle_HW3.swift in Sources */ = {isa = PBXBuildFile; fileRef = E0A3971B272079EF00E427A7 /* Motorcycle_HW3.swift */; };
		E0A3971E27207A4B00E427A7 /* Bicycle_HW3.swift in Sources */ = {isa = PBXBuildFile; fileRef = E0A3971D27207A4B00E427A7 /* Bicycle_HW3.swift */; };
/* End PBXBuildFile section */

/* Begin PBXCopyFilesBuildPhase section */
		E04D4A9C271ED3B000E1FA1D /* CopyFiles */ = {
			isa = PBXCopyFilesBuildPhase;
			buildActionMask = 2147483647;
			dstPath = /usr/share/man/man1/;
			dstSubfolderSpec = 0;
			files = (
			);
			runOnlyForDeploymentPostprocessing = 1;
		};
/* End PBXCopyFilesBuildPhase section */

/* Begin PBXFileReference section */
		E04D4A9E271ED3B000E1FA1D /* HW_3 */ = {isa = PBXFileReference; explicitFileType = "compiled.mach-o.executable"; includeInIndex = 0; path = HW_3; sourceTree = BUILT_PRODUCTS_DIR; };
		E04D4AA1271ED3B000E1FA1D /* main.swift */ = {isa = PBXFileReference; lastKnownFileType = sourcecode.swift; path = main.swift; sourceTree = "<group>"; };
		E04D4AAA271ED4B100E1FA1D /* Utils.swift */ = {isa = PBXFileReference; lastKnownFileType = sourcecode.swift; path = Utils.swift; sourceTree = "<group>"; };
		E04D4AB2271ED5F200E1FA1D /* Factory_HW3.swift */ = {isa = PBXFileReference; lastKnownFileType = sourcecode.swift; path = Factory_HW3.swift; sourceTree = "<group>"; };
		E0A397172720798D00E427A7 /* Vehicle_HW3.swift */ = {isa = PBXFileReference; lastKnownFileType = sourcecode.swift; path = Vehicle_HW3.swift; sourceTree = "<group>"; };
		E0A39719272079AA00E427A7 /* Car_HW3.swift */ = {isa = PBXFileReference; lastKnownFileType = sourcecode.swift; path = Car_HW3.swift; sourceTree = "<group>"; };
		E0A3971B272079EF00E427A7 /* Motorcycle_HW3.swift */ = {isa = PBXFileReference; lastKnownFileType = sourcecode.swift; path = Motorcycle_HW3.swift; sourceTree = "<group>"; };
		E0A3971D27207A4B00E427A7 /* Bicycle_HW3.swift */ = {isa = PBXFileReference; lastKnownFileType = sourcecode.swift; path = Bicycle_HW3.swift; sourceTree = "<group>"; };
/* End PBXFileReference section */

/* Begin PBXFrameworksBuildPhase section */
		E04D4A9B271ED3B000E1FA1D /* Frameworks */ = {
			isa = PBXFrameworksBuildPhase;
			buildActionMask = 2147483647;
			files = (
			);
			runOnlyForDeploymentPostprocessing = 0;
		};
/* End PBXFrameworksBuildPhase section */

/* Begin PBXGroup section */
		E04D4A95271ED3B000E1FA1D = {
			isa = PBXGroup;
			children = (
				E04D4AA0271ED3B000E1FA1D /* HW_3 */,
				E04D4A9F271ED3B000E1FA1D /* Products */,
			);
			sourceTree = "<group>";
		};
		E04D4A9F271ED3B000E1FA1D /* Products */ = {
			isa = PBXGroup;
			children = (
				E04D4A9E271ED3B000E1FA1D /* HW_3 */,
			);
			name = Products;
			sourceTree = "<group>";
		};
		E04D4AA0271ED3B000E1FA1D /* HW_3 */ = {
			isa = PBXGroup;
			children = (
				E0A3971D27207A4B00E427A7 /* Bicycle_HW3.swift */,
				E0A3971B272079EF00E427A7 /* Motorcycle_HW3.swift */,
				E0A39719272079AA00E427A7 /* Car_HW3.swift */,
				E0A397172720798D00E427A7 /* Vehicle_HW3.swift */,
				E04D4AB2271ED5F200E1FA1D /* Factory_HW3.swift */,
				E04D4AA1271ED3B000E1FA1D /* main.swift */,
				E04D4AAA271ED4B100E1FA1D /* Utils.swift */,
			);
			path = HW_3;
			sourceTree = "<group>";
		};
/* End PBXGroup section */

/* Begin PBXNativeTarget section */
		E04D4A9D271ED3B000E1FA1D /* HW_3 */ = {
			isa = PBXNativeTarget;
			buildConfigurationList = E04D4AA5271ED3B000E1FA1D /* Build configuration list for PBXNativeTarget "HW_3" */;
			buildPhases = (
				E04D4A9A271ED3B000E1FA1D /* Sources */,
				E04D4A9B271ED3B000E1FA1D /* Frameworks */,
				E04D4A9C271ED3B000E1FA1D /* CopyFiles */,
			);
			buildRules = (
			);
			dependencies = (
			);
			name = HW_3;
			productName = HW_3;
			productReference = E04D4A9E271ED3B000E1FA1D /* HW_3 */;
			productType = "com.apple.product-type.tool";
		};
/* End PBXNativeTarget section */

/* Begin PBXProject section */
		E04D4A96271ED3B000E1FA1D /* Project object */ = {
			isa = PBXProject;
			attributes = {
				BuildIndependentTargetsInParallel = 1;
				LastSwiftUpdateCheck = 1300;
				LastUpgradeCheck = 1300;
				TargetAttributes = {
					E04D4A9D271ED3B000E1FA1D = {
						CreatedOnToolsVersion = 13.0;
					};
				};
			};
			buildConfigurationList = E04D4A99271ED3B000E1FA1D /* Build configuration list for PBXProject "HW_3" */;
			compatibilityVersion = "Xcode 13.0";
			developmentRegion = en;
			hasScannedForEncodings = 0;
			knownRegions = (
				en,
				Base,
			);
			mainGroup = E04D4A95271ED3B000E1FA1D;
			productRefGroup = E04D4A9F271ED3B000E1FA1D /* Products */;
			projectDirPath = "";
			projectRoot = "";
			targets = (
				E04D4A9D271ED3B000E1FA1D /* HW_3 */,
			);
		};
/* End PBXProject section */

/* Begin PBXSourcesBuildPhase section */
		E04D4A9A271ED3B000E1FA1D /* Sources */ = {
			isa = PBXSourcesBuildPhase;
			buildActionMask = 2147483647;
			files = (
				E04D4AA2271ED3B000E1FA1D /* main.swift in Sources */,
				E0A3971C272079EF00E427A7 /* Motorcycle_HW3.swift in Sources */,
				E0A397182720798D00E427A7 /* Vehicle_HW3.swift in Sources */,
				E0A3971E27207A4B00E427A7 /* Bicycle_HW3.swift in Sources */,
				E04D4AAB271ED4B100E1FA1D /* Utils.swift in Sources */,
				E0A3971A272079AA00E427A7 /* Car_HW3.swift in Sources */,
				E04D4AB3271ED5F200E1FA1D /* Factory_HW3.swift in Sources */,
			);
			runOnlyForDeploymentPostprocessing = 0;
		};
/* End PBXSourcesBuildPhase section */

/* Begin XCBuildConfiguration section */
		E04D4AA3271ED3B000E1FA1D /* Debug */ = {
			isa = XCBuildConfiguration;
			buildSettings = {
				ALWAYS_SEARCH_USER_PATHS = NO;
				CLANG_ANALYZER_NONNULL = YES;
				CLANG_ANALYZER_NUMBER_OBJECT_CONVERSION = YES_AGGRESSIVE;
				CLANG_CXX_LANGUAGE_STANDARD = "gnu++17";
				CLANG_CXX_LIBRARY = "libc++";
				CLANG_ENABLE_MODULES = YES;
				CLANG_ENABLE_OBJC_ARC = YES;
				CLANG_ENABLE_OBJC_WEAK = YES;
				CLANG_WARN_BLOCK_CAPTURE_AUTORELEASING = YES;
				CLANG_WARN_BOOL_CONVERSION = YES;
				CLANG_WARN_COMMA = YES;
				CLANG_WARN_CONSTANT_CONVERSION = YES;
				CLANG_WARN_DEPRECATED_OBJC_IMPLEMENTATIONS = YES;
				CLANG_WARN_DIRECT_OBJC_ISA_USAGE = YES_ERROR;
				CLANG_WARN_DOCUMENTATION_COMMENTS = YES;
				CLANG_WARN_EMPTY_BODY = YES;
				CLANG_WARN_ENUM_CONVERSION = YES;
				CLANG_WARN_INFINITE_RECURSION = YES;
				CLANG_WARN_INT_CONVERSION = YES;
				CLANG_WARN_NON_LITERAL_NULL_CONVERSION = YES;
				CLANG_WARN_OBJC_IMPLICIT_RETAIN_SELF = YES;
				CLANG_WARN_OBJC_LITERAL_CONVERSION = YES;
				CLANG_WARN_OBJC_ROOT_CLASS = YES_ERROR;
				CLANG_WARN_QUOTED_INCLUDE_IN_FRAMEWORK_HEADER = YES;
				CLANG_WARN_RANGE_LOOP_ANALYSIS = YES;
				CLANG_WARN_STRICT_PROTOTYPES = YES;
				CLANG_WARN_SUSPICIOUS_MOVE = YES;
				CLANG_WARN_UNGUARDED_AVAILABILITY = YES_AGGRESSIVE;
				CLANG_WARN_UNREACHABLE_CODE = YES;
				CLANG_WARN__DUPLICATE_METHOD_MATCH = YES;
				COPY_PHASE_STRIP = NO;
				DEBUG_INFORMATION_FORMAT = dwarf;
				ENABLE_STRICT_OBJC_MSGSEND = YES;
				ENABLE_TESTABILITY = YES;
				GCC_C_LANGUAGE_STANDARD = gnu11;
				GCC_DYNAMIC_NO_PIC = NO;
				GCC_NO_COMMON_BLOCKS = YES;
				GCC_OPTIMIZATION_LEVEL = 0;
				GCC_PREPROCESSOR_DEFINITIONS = (
					"DEBUG=1",
					"$(inherited)",
				);
				GCC_WARN_64_TO_32_BIT_CONVERSION = YES;
				GCC_WARN_ABOUT_RETURN_TYPE = YES_ERROR;
				GCC_WARN_UNDECLARED_SELECTOR = YES;
				GCC_WARN_UNINITIALIZED_AUTOS = YES_AGGRESSIVE;
				GCC_WARN_UNUSED_FUNCTION = YES;
				GCC_WARN_UNUSED_VARIABLE = YES;
				MACOSX_DEPLOYMENT_TARGET = 11.3;
				MTL_ENABLE_DEBUG_INFO = INCLUDE_SOURCE;
				MTL_FAST_MATH = YES;
				ONLY_ACTIVE_ARCH = YES;
				SDKROOT = macosx;
				SWIFT_ACTIVE_COMPILATION_CONDITIONS = DEBUG;
				SWIFT_OPTIMIZATION_LEVEL = "-Onone";
			};
			name = Debug;
		};
		E04D4AA4271ED3B000E1FA1D /* Release */ = {
			isa = XCBuildConfiguration;
			buildSettings = {
				ALWAYS_SEARCH_USER_PATHS = NO;
				CLANG_ANALYZER_NONNULL = YES;
				CLANG_ANALYZER_NUMBER_OBJECT_CONVERSION = YES_AGGRESSIVE;
				CLANG_CXX_LANGUAGE_STANDARD = "gnu++17";
				CLANG_CXX_LIBRARY = "libc++";
				CLANG_ENABLE_MODULES = YES;
				CLANG_ENABLE_OBJC_ARC = YES;
				CLANG_ENABLE_OBJC_WEAK = YES;
				CLANG_WARN_BLOCK_CAPTURE_AUTORELEASING = YES;
				CLANG_WARN_BOOL_CONVERSION = YES;
				CLANG_WARN_COMMA = YES;
				CLANG_WARN_CONSTANT_CONVERSION = YES;
				CLANG_WARN_DEPRECATED_OBJC_IMPLEMENTATIONS = YES;
				CLANG_WARN_DIRECT_OBJC_ISA_USAGE = YES_ERROR;
				CLANG_WARN_DOCUMENTATION_COMMENTS = YES;
				CLANG_WARN_EMPTY_BODY = YES;
				CLANG_WARN_ENUM_CONVERSION = YES;
				CLANG_WARN_INFINITE_RECURSION = YES;
				CLANG_WARN_INT_CONVERSION = YES;
				CLANG_WARN_NON_LITERAL_NULL_CONVERSION = YES;
				CLANG_WARN_OBJC_IMPLICIT_RETAIN_SELF = YES;
				CLANG_WARN_OBJC_LITERAL_CONVERSION = YES;
				CLANG_WARN_OBJC_ROOT_CLASS = YES_ERROR;
				CLANG_WARN_QUOTED_INCLUDE_IN_FRAMEWORK_HEADER = YES;
				CLANG_WARN_RANGE_LOOP_ANALYSIS = YES;
				CLANG_WARN_STRICT_PROTOTYPES = YES;
				CLANG_WARN_SUSPICIOUS_MOVE = YES;
				CLANG_WARN_UNGUARDED_AVAILABILITY = YES_AGGRESSIVE;
				CLANG_WARN_UNREACHABLE_CODE = YES;
				CLANG_WARN__DUPLICATE_METHOD_MATCH = YES;
				COPY_PHASE_STRIP = NO;
				DEBUG_INFORMATION_FORMAT = "dwarf-with-dsym";
				ENABLE_NS_ASSERTIONS = NO;
				ENABLE_STRICT_OBJC_MSGSEND = YES;
				GCC_C_LANGUAGE_STANDARD = gnu11;
				GCC_NO_COMMON_BLOCKS = YES;
				GCC_WARN_64_TO_32_BIT_CONVERSION = YES;
				GCC_WARN_ABOUT_RETURN_TYPE = YES_ERROR;
				GCC_WARN_UNDECLARED_SELECTOR = YES;
				GCC_WARN_UNINITIALIZED_AUTOS = YES_AGGRESSIVE;
				GCC_WARN_UNUSED_FUNCTION = YES;
				GCC_WARN_UNUSED_VARIABLE = YES;
				MACOSX_DEPLOYMENT_TARGET = 11.3;
				MTL_ENABLE_DEBUG_INFO = NO;
				MTL_FAST_MATH = YES;
				SDKROOT = macosx;
				SWIFT_COMPILATION_MODE = wholemodule;
				SWIFT_OPTIMIZATION_LEVEL = "-O";
			};
			name = Release;
		};
		E04D4AA6271ED3B000E1FA1D /* Debug */ = {
			isa = XCBuildConfiguration;
			buildSettings = {
				CODE_SIGN_STYLE = Automatic;
				PRODUCT_NAME = "$(TARGET_NAME)";
				SWIFT_VERSION = 5.0;
			};
			name = Debug;
		};
		E04D4AA7271ED3B000E1FA1D /* Release */ = {
			isa = XCBuildConfiguration;
			buildSettings = {
				CODE_SIGN_STYLE = Automatic;
				PRODUCT_NAME = "$(TARGET_NAME)";
				SWIFT_VERSION = 5.0;
			};
			name = Release;
		};
/* End XCBuildConfiguration section */

/* Begin XCConfigurationList section */
		E04D4A99271ED3B000E1FA1D /* Build configuration list for PBXProject "HW_3" */ = {
			isa = XCConfigurationList;
			buildConfigurations = (
				E04D4AA3271ED3B000E1FA1D /* Debug */,
				E04D4AA4271ED3B000E1FA1D /* Release */,
			);
			defaultConfigurationIsVisible = 0;
			defaultConfigurationName = Release;
		};
		E04D4AA5271ED3B000E1FA1D /* Build configuration list for PBXNativeTarget "HW_3" */ = {
			isa = XCConfigurationList;
			buildConfigurations = (
				E04D4AA6271ED3B000E1FA1D /* Debug */,
				E04D4AA7271ED3B000E1FA1D /* Release */,
			);
			defaultConfigurationIsVisible = 0;
			defaultConfigurationName = Release;
		};
/* End XCConfigurationList section */
	};
	rootObject = E04D4A96271ED3B000E1FA1D /* Project object */;
}
