// !$*UTF8*$!
{
	archiveVersion = 1;
	classes = {
	};
	objectVersion = 55;
	objects = {

/* Begin PBXBuildFile section */
		4D479CBA2714D1E8004CE2FB /* main.swift in Sources */ = {isa = PBXBuildFile; fileRef = 4D479CB92714D1E8004CE2FB /* main.swift */; };
		4D479CC32714E7FF004CE2FB /* Utils.swift in Sources */ = {isa = PBXBuildFile; fileRef = 4D479CC22714E7FF004CE2FB /* Utils.swift */; };
		4D6CC2312720893200B25634 /* Motorcyle.swift in Sources */ = {isa = PBXBuildFile; fileRef = 4D6CC2302720893200B25634 /* Motorcyle.swift */; };
		4D6CC2332720894500B25634 /* Bicycle.swift in Sources */ = {isa = PBXBuildFile; fileRef = 4D6CC2322720894500B25634 /* Bicycle.swift */; };
		4D6CC2352720896D00B25634 /* car.swift in Sources */ = {isa = PBXBuildFile; fileRef = 4D6CC2342720896D00B25634 /* car.swift */; };
		4D6CC2372720898200B25634 /* Factory.swift in Sources */ = {isa = PBXBuildFile; fileRef = 4D6CC2362720898200B25634 /* Factory.swift */; };
		4D6CC2392720899700B25634 /* Vehicle.swift in Sources */ = {isa = PBXBuildFile; fileRef = 4D6CC2382720899600B25634 /* Vehicle.swift */; };
/* End PBXBuildFile section */

/* Begin PBXCopyFilesBuildPhase section */
		4D479CB42714D1E8004CE2FB /* CopyFiles */ = {
			isa = PBXCopyFilesBuildPhase;
			buildActionMask = 2147483647;
			dstPath = /usr/share/man/man1/;
			dstSubfolderSpec = 0;
			files = (
			);
			runOnlyForDeploymentPostprocessing = 1;
		};
/* End PBXCopyFilesBuildPhase section */

/* Begin PBXFileReference section */
		4D479CB62714D1E8004CE2FB /* HW_Loujain */ = {isa = PBXFileReference; explicitFileType = "compiled.mach-o.executable"; includeInIndex = 0; path = HW_Loujain; sourceTree = BUILT_PRODUCTS_DIR; };
		4D479CB92714D1E8004CE2FB /* main.swift */ = {isa = PBXFileReference; lastKnownFileType = sourcecode.swift; path = main.swift; sourceTree = "<group>"; };
		4D479CC22714E7FF004CE2FB /* Utils.swift */ = {isa = PBXFileReference; lastKnownFileType = sourcecode.swift; path = Utils.swift; sourceTree = "<group>"; };
		4D6CC2302720893200B25634 /* Motorcyle.swift */ = {isa = PBXFileReference; lastKnownFileType = sourcecode.swift; path = Motorcyle.swift; sourceTree = "<group>"; };
		4D6CC2322720894500B25634 /* Bicycle.swift */ = {isa = PBXFileReference; lastKnownFileType = sourcecode.swift; path = Bicycle.swift; sourceTree = "<group>"; };
		4D6CC2342720896D00B25634 /* car.swift */ = {isa = PBXFileReference; lastKnownFileType = sourcecode.swift; path = car.swift; sourceTree = "<group>"; };
		4D6CC2362720898200B25634 /* Factory.swift */ = {isa = PBXFileReference; lastKnownFileType = sourcecode.swift; path = Factory.swift; sourceTree = "<group>"; };
		4D6CC2382720899600B25634 /* Vehicle.swift */ = {isa = PBXFileReference; lastKnownFileType = sourcecode.swift; path = Vehicle.swift; sourceTree = "<group>"; };
/* End PBXFileReference section */

/* Begin PBXFrameworksBuildPhase section */
		4D479CB32714D1E8004CE2FB /* Frameworks */ = {
			isa = PBXFrameworksBuildPhase;
			buildActionMask = 2147483647;
			files = (
			);
			runOnlyForDeploymentPostprocessing = 0;
		};
/* End PBXFrameworksBuildPhase section */

/* Begin PBXGroup section */
		4D479CAD2714D1E8004CE2FB = {
			isa = PBXGroup;
			children = (
				4D479CB82714D1E8004CE2FB /* HW2_Loujain */,
				4D479CB72714D1E8004CE2FB /* Products */,
			);
			sourceTree = "<group>";
		};
		4D479CB72714D1E8004CE2FB /* Products */ = {
			isa = PBXGroup;
			children = (
				4D479CB62714D1E8004CE2FB /* HW_Loujain */,
			);
			name = Products;
			sourceTree = "<group>";
		};
		4D479CB82714D1E8004CE2FB /* HW2_Loujain */ = {
			isa = PBXGroup;
			children = (
				4D479CB92714D1E8004CE2FB /* main.swift */,
				4D6CC2362720898200B25634 /* Factory.swift */,
				4D6CC2322720894500B25634 /* Bicycle.swift */,
				4D6CC2302720893200B25634 /* Motorcyle.swift */,
				4D6CC2342720896D00B25634 /* car.swift */,
				4D6CC2382720899600B25634 /* Vehicle.swift */,
				4D479CC22714E7FF004CE2FB /* Utils.swift */,
			);
			path = HW2_Loujain;
			sourceTree = "<group>";
		};
/* End PBXGroup section */

/* Begin PBXNativeTarget section */
		4D479CB52714D1E8004CE2FB /* HW_Loujain */ = {
			isa = PBXNativeTarget;
			buildConfigurationList = 4D479CBD2714D1E8004CE2FB /* Build configuration list for PBXNativeTarget "HW_Loujain" */;
			buildPhases = (
				4D479CB22714D1E8004CE2FB /* Sources */,
				4D479CB32714D1E8004CE2FB /* Frameworks */,
				4D479CB42714D1E8004CE2FB /* CopyFiles */,
			);
			buildRules = (
			);
			dependencies = (
			);
			name = HW_Loujain;
			productName = HW_Loujain;
			productReference = 4D479CB62714D1E8004CE2FB /* HW_Loujain */;
			productType = "com.apple.product-type.tool";
		};
/* End PBXNativeTarget section */

/* Begin PBXProject section */
		4D479CAE2714D1E8004CE2FB /* Project object */ = {
			isa = PBXProject;
			attributes = {
				BuildIndependentTargetsInParallel = 1;
				LastSwiftUpdateCheck = 1300;
				LastUpgradeCheck = 1300;
				TargetAttributes = {
					4D479CB52714D1E8004CE2FB = {
						CreatedOnToolsVersion = 13.0;
					};
				};
			};
			buildConfigurationList = 4D479CB12714D1E8004CE2FB /* Build configuration list for PBXProject "HW2_Loujain" */;
			compatibilityVersion = "Xcode 13.0";
			developmentRegion = en;
			hasScannedForEncodings = 0;
			knownRegions = (
				en,
				Base,
			);
			mainGroup = 4D479CAD2714D1E8004CE2FB;
			productRefGroup = 4D479CB72714D1E8004CE2FB /* Products */;
			projectDirPath = "";
			projectRoot = "";
			targets = (
				4D479CB52714D1E8004CE2FB /* HW_Loujain */,
			);
		};
/* End PBXProject section */

/* Begin PBXSourcesBuildPhase section */
		4D479CB22714D1E8004CE2FB /* Sources */ = {
			isa = PBXSourcesBuildPhase;
			buildActionMask = 2147483647;
			files = (
				4D6CC2352720896D00B25634 /* car.swift in Sources */,
				4D479CBA2714D1E8004CE2FB /* main.swift in Sources */,
				4D6CC2372720898200B25634 /* Factory.swift in Sources */,
				4D479CC32714E7FF004CE2FB /* Utils.swift in Sources */,
				4D6CC2392720899700B25634 /* Vehicle.swift in Sources */,
				4D6CC2312720893200B25634 /* Motorcyle.swift in Sources */,
				4D6CC2332720894500B25634 /* Bicycle.swift in Sources */,
			);
			runOnlyForDeploymentPostprocessing = 0;
		};
/* End PBXSourcesBuildPhase section */

/* Begin XCBuildConfiguration section */
		4D479CBB2714D1E8004CE2FB /* Debug */ = {
			isa = XCBuildConfiguration;
			buildSettings = {
				ALWAYS_SEARCH_USER_PATHS = NO;
				CLANG_ANALYZER_NONNULL = YES;
				CLANG_ANALYZER_NUMBER_OBJECT_CONVERSION = YES_AGGRESSIVE;
				CLANG_CXX_LANGUAGE_STANDARD = "gnu++17";
				CLANG_CXX_LIBRARY = "libc++";
				CLANG_ENABLE_MODULES = YES;
				CLANG_ENABLE_OBJC_ARC = YES;
				CLANG_ENABLE_OBJC_WEAK = YES;
				CLANG_WARN_BLOCK_CAPTURE_AUTORELEASING = YES;
				CLANG_WARN_BOOL_CONVERSION = YES;
				CLANG_WARN_COMMA = YES;
				CLANG_WARN_CONSTANT_CONVERSION = YES;
				CLANG_WARN_DEPRECATED_OBJC_IMPLEMENTATIONS = YES;
				CLANG_WARN_DIRECT_OBJC_ISA_USAGE = YES_ERROR;
				CLANG_WARN_DOCUMENTATION_COMMENTS = YES;
				CLANG_WARN_EMPTY_BODY = YES;
				CLANG_WARN_ENUM_CONVERSION = YES;
				CLANG_WARN_INFINITE_RECURSION = YES;
				CLANG_WARN_INT_CONVERSION = YES;
				CLANG_WARN_NON_LITERAL_NULL_CONVERSION = YES;
				CLANG_WARN_OBJC_IMPLICIT_RETAIN_SELF = YES;
				CLANG_WARN_OBJC_LITERAL_CONVERSION = YES;
				CLANG_WARN_OBJC_ROOT_CLASS = YES_ERROR;
				CLANG_WARN_QUOTED_INCLUDE_IN_FRAMEWORK_HEADER = YES;
				CLANG_WARN_RANGE_LOOP_ANALYSIS = YES;
				CLANG_WARN_STRICT_PROTOTYPES = YES;
				CLANG_WARN_SUSPICIOUS_MOVE = YES;
				CLANG_WARN_UNGUARDED_AVAILABILITY = YES_AGGRESSIVE;
				CLANG_WARN_UNREACHABLE_CODE = YES;
				CLANG_WARN__DUPLICATE_METHOD_MATCH = YES;
				COPY_PHASE_STRIP = NO;
				DEBUG_INFORMATION_FORMAT = dwarf;
				ENABLE_STRICT_OBJC_MSGSEND = YES;
				ENABLE_TESTABILITY = YES;
				GCC_C_LANGUAGE_STANDARD = gnu11;
				GCC_DYNAMIC_NO_PIC = NO;
				GCC_NO_COMMON_BLOCKS = YES;
				GCC_OPTIMIZATION_LEVEL = 0;
				GCC_PREPROCESSOR_DEFINITIONS = (
					"DEBUG=1",
					"$(inherited)",
				);
				GCC_WARN_64_TO_32_BIT_CONVERSION = YES;
				GCC_WARN_ABOUT_RETURN_TYPE = YES_ERROR;
				GCC_WARN_UNDECLARED_SELECTOR = YES;
				GCC_WARN_UNINITIALIZED_AUTOS = YES_AGGRESSIVE;
				GCC_WARN_UNUSED_FUNCTION = YES;
				GCC_WARN_UNUSED_VARIABLE = YES;
				MACOSX_DEPLOYMENT_TARGET = 11.3;
				MTL_ENABLE_DEBUG_INFO = INCLUDE_SOURCE;
				MTL_FAST_MATH = YES;
				ONLY_ACTIVE_ARCH = YES;
				SDKROOT = macosx;
				SWIFT_ACTIVE_COMPILATION_CONDITIONS = DEBUG;
				SWIFT_OPTIMIZATION_LEVEL = "-Onone";
			};
			name = Debug;
		};
		4D479CBC2714D1E8004CE2FB /* Release */ = {
			isa = XCBuildConfiguration;
			buildSettings = {
				ALWAYS_SEARCH_USER_PATHS = NO;
				CLANG_ANALYZER_NONNULL = YES;
				CLANG_ANALYZER_NUMBER_OBJECT_CONVERSION = YES_AGGRESSIVE;
				CLANG_CXX_LANGUAGE_STANDARD = "gnu++17";
				CLANG_CXX_LIBRARY = "libc++";
				CLANG_ENABLE_MODULES = YES;
				CLANG_ENABLE_OBJC_ARC = YES;
				CLANG_ENABLE_OBJC_WEAK = YES;
				CLANG_WARN_BLOCK_CAPTURE_AUTORELEASING = YES;
				CLANG_WARN_BOOL_CONVERSION = YES;
				CLANG_WARN_COMMA = YES;
				CLANG_WARN_CONSTANT_CONVERSION = YES;
				CLANG_WARN_DEPRECATED_OBJC_IMPLEMENTATIONS = YES;
				CLANG_WARN_DIRECT_OBJC_ISA_USAGE = YES_ERROR;
				CLANG_WARN_DOCUMENTATION_COMMENTS = YES;
				CLANG_WARN_EMPTY_BODY = YES;
				CLANG_WARN_ENUM_CONVERSION = YES;
				CLANG_WARN_INFINITE_RECURSION = YES;
				CLANG_WARN_INT_CONVERSION = YES;
				CLANG_WARN_NON_LITERAL_NULL_CONVERSION = YES;
				CLANG_WARN_OBJC_IMPLICIT_RETAIN_SELF = YES;
				CLANG_WARN_OBJC_LITERAL_CONVERSION = YES;
				CLANG_WARN_OBJC_ROOT_CLASS = YES_ERROR;
				CLANG_WARN_QUOTED_INCLUDE_IN_FRAMEWORK_HEADER = YES;
				CLANG_WARN_RANGE_LOOP_ANALYSIS = YES;
				CLANG_WARN_STRICT_PROTOTYPES = YES;
				CLANG_WARN_SUSPICIOUS_MOVE = YES;
				CLANG_WARN_UNGUARDED_AVAILABILITY = YES_AGGRESSIVE;
				CLANG_WARN_UNREACHABLE_CODE = YES;
				CLANG_WARN__DUPLICATE_METHOD_MATCH = YES;
				COPY_PHASE_STRIP = NO;
				DEBUG_INFORMATION_FORMAT = "dwarf-with-dsym";
				ENABLE_NS_ASSERTIONS = NO;
				ENABLE_STRICT_OBJC_MSGSEND = YES;
				GCC_C_LANGUAGE_STANDARD = gnu11;
				GCC_NO_COMMON_BLOCKS = YES;
				GCC_WARN_64_TO_32_BIT_CONVERSION = YES;
				GCC_WARN_ABOUT_RETURN_TYPE = YES_ERROR;
				GCC_WARN_UNDECLARED_SELECTOR = YES;
				GCC_WARN_UNINITIALIZED_AUTOS = YES_AGGRESSIVE;
				GCC_WARN_UNUSED_FUNCTION = YES;
				GCC_WARN_UNUSED_VARIABLE = YES;
				MACOSX_DEPLOYMENT_TARGET = 11.3;
				MTL_ENABLE_DEBUG_INFO = NO;
				MTL_FAST_MATH = YES;
				SDKROOT = macosx;
				SWIFT_COMPILATION_MODE = wholemodule;
				SWIFT_OPTIMIZATION_LEVEL = "-O";
			};
			name = Release;
		};
		4D479CBE2714D1E8004CE2FB /* Debug */ = {
			isa = XCBuildConfiguration;
			buildSettings = {
				CODE_SIGN_STYLE = Automatic;
				PRODUCT_NAME = "$(TARGET_NAME)";
				SWIFT_VERSION = 5.0;
			};
			name = Debug;
		};
		4D479CBF2714D1E8004CE2FB /* Release */ = {
			isa = XCBuildConfiguration;
			buildSettings = {
				CODE_SIGN_STYLE = Automatic;
				PRODUCT_NAME = "$(TARGET_NAME)";
				SWIFT_VERSION = 5.0;
			};
			name = Release;
		};
/* End XCBuildConfiguration section */

/* Begin XCConfigurationList section */
		4D479CB12714D1E8004CE2FB /* Build configuration list for PBXProject "HW2_Loujain" */ = {
			isa = XCConfigurationList;
			buildConfigurations = (
				4D479CBB2714D1E8004CE2FB /* Debug */,
				4D479CBC2714D1E8004CE2FB /* Release */,
			);
			defaultConfigurationIsVisible = 0;
			defaultConfigurationName = Release;
		};
		4D479CBD2714D1E8004CE2FB /* Build configuration list for PBXNativeTarget "HW_Loujain" */ = {
			isa = XCConfigurationList;
			buildConfigurations = (
				4D479CBE2714D1E8004CE2FB /* Debug */,
				4D479CBF2714D1E8004CE2FB /* Release */,
			);
			defaultConfigurationIsVisible = 0;
			defaultConfigurationName = Release;
		};
/* End XCConfigurationList section */
	};
	rootObject = 4D479CAE2714D1E8004CE2FB /* Project object */;
}
